
Microsoft Visual Studio Solution File, Format Version 12.00
# Visual Studio 15
Project("{FAE04EC0-301F-11D3-BF4B-00C04F79EFBC}") = "Assembly-CSharp", "Assembly-CSharp.csproj", "{E9242B62-52CC-E96C-60E0-8EE1C6D13FDE}"
EndProject
Project("{FAE04EC0-301F-11D3-BF4B-00C04F79EFBC}") = "Assembly-CSharp-Editor", "Assembly-CSharp-Editor.csproj", "{DCCE404B-79D0-DF79-12F9-F84A61E151A4}"
EndProject
Project("{FAE04EC0-301F-11D3-BF4B-00C04F79EFBC}") = "WaterSystem", "WaterSystem.csproj", "{0B79B98E-07DA-CAF3-30D9-C23AC9AC4F0B}"
EndProject
Project("{FAE04EC0-301F-11D3-BF4B-00C04F79EFBC}") = "WaterSystem.Editor", "WaterSystem.Editor.csproj", "{9D2A7210-9BCB-24ED-A433-B4A3D3B35EDB}"
EndProject
Global
	GlobalSection(SolutionConfigurationPlatforms) = preSolution
		Debug|Any CPU = Debug|Any CPU
		Release|Any CPU = Release|Any CPU
	EndGlobalSection
	GlobalSection(ProjectConfigurationPlatforms) = postSolution
		{E9242B62-52CC-E96C-60E0-8EE1C6D13FDE}.Debug|Any CPU.ActiveCfg = Debug|Any CPU
		{E9242B62-52CC-E96C-60E0-8EE1C6D13FDE}.Debug|Any CPU.Build.0 = Debug|Any CPU
		{E9242B62-52CC-E96C-60E0-8EE1C6D13FDE}.Release|Any CPU.ActiveCfg = Release|Any CPU
		{E9242B62-52CC-E96C-60E0-8EE1C6D13FDE}.Release|Any CPU.Build.0 = Release|Any CPU
		{DCCE404B-79D0-DF79-12F9-F84A61E151A4}.Debug|Any CPU.ActiveCfg = Debug|Any CPU
		{DCCE404B-79D0-DF79-12F9-F84A61E151A4}.Debug|Any CPU.Build.0 = Debug|Any CPU
		{DCCE404B-79D0-DF79-12F9-F84A61E151A4}.Release|Any CPU.ActiveCfg = Release|Any CPU
		{DCCE404B-79D0-DF79-12F9-F84A61E151A4}.Release|Any CPU.Build.0 = Release|Any CPU
		{0B79B98E-07DA-CAF3-30D9-C23AC9AC4F0B}.Debug|Any CPU.ActiveCfg = Debug|Any CPU
		{0B79B98E-07DA-CAF3-30D9-C23AC9AC4F0B}.Debug|Any CPU.Build.0 = Debug|Any CPU
		{0B79B98E-07DA-CAF3-30D9-C23AC9AC4F0B}.Release|Any CPU.ActiveCfg = Release|Any CPU
		{0B79B98E-07DA-CAF3-30D9-C23AC9AC4F0B}.Release|Any CPU.Build.0 = Release|Any CPU
		{9D2A7210-9BCB-24ED-A433-B4A3D3B35EDB}.Debug|Any CPU.ActiveCfg = Debug|Any CPU
		{9D2A7210-9BCB-24ED-A433-B4A3D3B35EDB}.Debug|Any CPU.Build.0 = Debug|Any CPU
		{9D2A7210-9BCB-24ED-A433-B4A3D3B35EDB}.Release|Any CPU.ActiveCfg = Release|Any CPU
		{9D2A7210-9BCB-24ED-A433-B4A3D3B35EDB}.Release|Any CPU.Build.0 = Release|Any CPU
	EndGlobalSection
	GlobalSection(SolutionProperties) = preSolution
		HideSolutionNode = FALSE
	EndGlobalSection
EndGlobal
